// !$*UTF8*$!
{
	archiveVersion = 1;
	classes = {
	};
	objectVersion = 50;
	objects = {

/* Begin PBXBuildFile section */
		7105E6CE21D6514D009EA168 /* AppDelegate.swift in Sources */ = {isa = PBXBuildFile; fileRef = 7105E6CD21D6514D009EA168 /* AppDelegate.swift */; };
		7105E6D021D6514D009EA168 /* ViewController.swift in Sources */ = {isa = PBXBuildFile; fileRef = 7105E6CF21D6514D009EA168 /* ViewController.swift */; };
		7105E6D321D6514D009EA168 /* Main.storyboard in Resources */ = {isa = PBXBuildFile; fileRef = 7105E6D121D6514D009EA168 /* Main.storyboard */; };
		7105E6D521D6514E009EA168 /* Assets.xcassets in Resources */ = {isa = PBXBuildFile; fileRef = 7105E6D421D6514E009EA168 /* Assets.xcassets */; };
		7105E6D821D6514E009EA168 /* LaunchScreen.storyboard in Resources */ = {isa = PBXBuildFile; fileRef = 7105E6D621D6514E009EA168 /* LaunchScreen.storyboard */; };
		7105E6E321D6514E009EA168 /* YandexTranslatorTests.swift in Sources */ = {isa = PBXBuildFile; fileRef = 7105E6E221D6514E009EA168 /* YandexTranslatorTests.swift */; };
		7105E6EE21D6514E009EA168 /* YandexTranslatorUITests.swift in Sources */ = {isa = PBXBuildFile; fileRef = 7105E6ED21D6514E009EA168 /* YandexTranslatorUITests.swift */; };
/* End PBXBuildFile section */

/* Begin PBXContainerItemProxy section */
		7105E6DF21D6514E009EA168 /* PBXContainerItemProxy */ = {
			isa = PBXContainerItemProxy;
			containerPortal = 7105E6C221D6514D009EA168 /* Project object */;
			proxyType = 1;
			remoteGlobalIDString = 7105E6C921D6514D009EA168;
			remoteInfo = YandexTranslator;
		};
		7105E6EA21D6514E009EA168 /* PBXContainerItemProxy */ = {
			isa = PBXContainerItemProxy;
			containerPortal = 7105E6C221D6514D009EA168 /* Project object */;
			proxyType = 1;
			remoteGlobalIDString = 7105E6C921D6514D009EA168;
			remoteInfo = YandexTranslator;
		};
/* End PBXContainerItemProxy section */

/* Begin PBXFileReference section */
		7105E6CA21D6514D009EA168 /* YandexTranslator.app */ = {isa = PBXFileReference; explicitFileType = wrapper.application; includeInIndex = 0; path = YandexTranslator.app; sourceTree = BUILT_PRODUCTS_DIR; };
		7105E6CD21D6514D009EA168 /* AppDelegate.swift */ = {isa = PBXFileReference; lastKnownFileType = sourcecode.swift; path = AppDelegate.swift; sourceTree = "<group>"; };
		7105E6CF21D6514D009EA168 /* ViewController.swift */ = {isa = PBXFileReference; lastKnownFileType = sourcecode.swift; path = ViewController.swift; sourceTree = "<group>"; };
		7105E6D221D6514D009EA168 /* Base */ = {isa = PBXFileReference; lastKnownFileType = file.storyboard; name = Base; path = Base.lproj/Main.storyboard; sourceTree = "<group>"; };
		7105E6D421D6514E009EA168 /* Assets.xcassets */ = {isa = PBXFileReference; lastKnownFileType = folder.assetcatalog; path = Assets.xcassets; sourceTree = "<group>"; };
		7105E6D721D6514E009EA168 /* Base */ = {isa = PBXFileReference; lastKnownFileType = file.storyboard; name = Base; path = Base.lproj/LaunchScreen.storyboard; sourceTree = "<group>"; };
		7105E6D921D6514E009EA168 /* Info.plist */ = {isa = PBXFileReference; lastKnownFileType = text.plist.xml; path = Info.plist; sourceTree = "<group>"; };
		7105E6DE21D6514E009EA168 /* YandexTranslatorTests.xctest */ = {isa = PBXFileReference; explicitFileType = wrapper.cfbundle; includeInIndex = 0; path = YandexTranslatorTests.xctest; sourceTree = BUILT_PRODUCTS_DIR; };
		7105E6E221D6514E009EA168 /* YandexTranslatorTests.swift */ = {isa = PBXFileReference; lastKnownFileType = sourcecode.swift; path = YandexTranslatorTests.swift; sourceTree = "<group>"; };
		7105E6E421D6514E009EA168 /* Info.plist */ = {isa = PBXFileReference; lastKnownFileType = text.plist.xml; path = Info.plist; sourceTree = "<group>"; };
		7105E6E921D6514E009EA168 /* YandexTranslatorUITests.xctest */ = {isa = PBXFileReference; explicitFileType = wrapper.cfbundle; includeInIndex = 0; path = YandexTranslatorUITests.xctest; sourceTree = BUILT_PRODUCTS_DIR; };
		7105E6ED21D6514E009EA168 /* YandexTranslatorUITests.swift */ = {isa = PBXFileReference; lastKnownFileType = sourcecode.swift; path = YandexTranslatorUITests.swift; sourceTree = "<group>"; };
		7105E6EF21D6514E009EA168 /* Info.plist */ = {isa = PBXFileReference; lastKnownFileType = text.plist.xml; path = Info.plist; sourceTree = "<group>"; };
/* End PBXFileReference section */

/* Begin PBXFrameworksBuildPhase section */
		7105E6C721D6514D009EA168 /* Frameworks */ = {
			isa = PBXFrameworksBuildPhase;
			buildActionMask = 2147483647;
			files = (
			);
			runOnlyForDeploymentPostprocessing = 0;
		};
		7105E6DB21D6514E009EA168 /* Frameworks */ = {
			isa = PBXFrameworksBuildPhase;
			buildActionMask = 2147483647;
			files = (
			);
			runOnlyForDeploymentPostprocessing = 0;
		};
		7105E6E621D6514E009EA168 /* Frameworks */ = {
			isa = PBXFrameworksBuildPhase;
			buildActionMask = 2147483647;
			files = (
			);
			runOnlyForDeploymentPostprocessing = 0;
		};
/* End PBXFrameworksBuildPhase section */

/* Begin PBXGroup section */
		7105E6C121D6514D009EA168 = {
			isa = PBXGroup;
			children = (
				7105E6CC21D6514D009EA168 /* YandexTranslator */,
				7105E6E121D6514E009EA168 /* YandexTranslatorTests */,
				7105E6EC21D6514E009EA168 /* YandexTranslatorUITests */,
				7105E6CB21D6514D009EA168 /* Products */,
			);
			sourceTree = "<group>";
		};
		7105E6CB21D6514D009EA168 /* Products */ = {
			isa = PBXGroup;
			children = (
				7105E6CA21D6514D009EA168 /* YandexTranslator.app */,
				7105E6DE21D6514E009EA168 /* YandexTranslatorTests.xctest */,
				7105E6E921D6514E009EA168 /* YandexTranslatorUITests.xctest */,
			);
			name = Products;
			sourceTree = "<group>";
		};
		7105E6CC21D6514D009EA168 /* YandexTranslator */ = {
			isa = PBXGroup;
			children = (
				7105E6CD21D6514D009EA168 /* AppDelegate.swift */,
				7105E6CF21D6514D009EA168 /* ViewController.swift */,
				7105E6D121D6514D009EA168 /* Main.storyboard */,
				7105E6D421D6514E009EA168 /* Assets.xcassets */,
				7105E6D621D6514E009EA168 /* LaunchScreen.storyboard */,
				7105E6D921D6514E009EA168 /* Info.plist */,
			);
			path = YandexTranslator;
			sourceTree = "<group>";
		};
		7105E6E121D6514E009EA168 /* YandexTranslatorTests */ = {
			isa = PBXGroup;
			children = (
				7105E6E221D6514E009EA168 /* YandexTranslatorTests.swift */,
				7105E6E421D6514E009EA168 /* Info.plist */,
			);
			path = YandexTranslatorTests;
			sourceTree = "<group>";
		};
		7105E6EC21D6514E009EA168 /* YandexTranslatorUITests */ = {
			isa = PBXGroup;
			children = (
				7105E6ED21D6514E009EA168 /* YandexTranslatorUITests.swift */,
				7105E6EF21D6514E009EA168 /* Info.plist */,
			);
			path = YandexTranslatorUITests;
			sourceTree = "<group>";
		};
/* End PBXGroup section */

/* Begin PBXNativeTarget section */
		7105E6C921D6514D009EA168 /* YandexTranslator */ = {
			isa = PBXNativeTarget;
			buildConfigurationList = 7105E6F221D6514E009EA168 /* Build configuration list for PBXNativeTarget "YandexTranslator" */;
			buildPhases = (
				7105E6C621D6514D009EA168 /* Sources */,
				7105E6C721D6514D009EA168 /* Frameworks */,
				7105E6C821D6514D009EA168 /* Resources */,
			);
			buildRules = (
			);
			dependencies = (
			);
			name = YandexTranslator;
			productName = YandexTranslator;
			productReference = 7105E6CA21D6514D009EA168 /* YandexTranslator.app */;
			productType = "com.apple.product-type.application";
		};
		7105E6DD21D6514E009EA168 /* YandexTranslatorTests */ = {
			isa = PBXNativeTarget;
			buildConfigurationList = 7105E6F521D6514E009EA168 /* Build configuration list for PBXNativeTarget "YandexTranslatorTests" */;
			buildPhases = (
				7105E6DA21D6514E009EA168 /* Sources */,
				7105E6DB21D6514E009EA168 /* Frameworks */,
				7105E6DC21D6514E009EA168 /* Resources */,
			);
			buildRules = (
			);
			dependencies = (
				7105E6E021D6514E009EA168 /* PBXTargetDependency */,
			);
			name = YandexTranslatorTests;
			productName = YandexTranslatorTests;
			productReference = 7105E6DE21D6514E009EA168 /* YandexTranslatorTests.xctest */;
			productType = "com.apple.product-type.bundle.unit-test";
		};
		7105E6E821D6514E009EA168 /* YandexTranslatorUITests */ = {
			isa = PBXNativeTarget;
			buildConfigurationList = 7105E6F821D6514E009EA168 /* Build configuration list for PBXNativeTarget "YandexTranslatorUITests" */;
			buildPhases = (
				7105E6E521D6514E009EA168 /* Sources */,
				7105E6E621D6514E009EA168 /* Frameworks */,
				7105E6E721D6514E009EA168 /* Resources */,
			);
			buildRules = (
			);
			dependencies = (
				7105E6EB21D6514E009EA168 /* PBXTargetDependency */,
			);
			name = YandexTranslatorUITests;
			productName = YandexTranslatorUITests;
			productReference = 7105E6E921D6514E009EA168 /* YandexTranslatorUITests.xctest */;
			productType = "com.apple.product-type.bundle.ui-testing";
		};
/* End PBXNativeTarget section */

/* Begin PBXProject section */
		7105E6C221D6514D009EA168 /* Project object */ = {
			isa = PBXProject;
			attributes = {
				LastSwiftUpdateCheck = 1010;
				LastUpgradeCheck = 1010;
				ORGANIZATIONNAME = "Никита Туманов";
				TargetAttributes = {
					7105E6C921D6514D009EA168 = {
						CreatedOnToolsVersion = 10.1;
					};
					7105E6DD21D6514E009EA168 = {
						CreatedOnToolsVersion = 10.1;
						TestTargetID = 7105E6C921D6514D009EA168;
					};
					7105E6E821D6514E009EA168 = {
						CreatedOnToolsVersion = 10.1;
						TestTargetID = 7105E6C921D6514D009EA168;
					};
				};
			};
			buildConfigurationList = 7105E6C521D6514D009EA168 /* Build configuration list for PBXProject "YandexTranslator" */;
			compatibilityVersion = "Xcode 9.3";
			developmentRegion = en;
			hasScannedForEncodings = 0;
			knownRegions = (
				en,
				Base,
			);
			mainGroup = 7105E6C121D6514D009EA168;
			productRefGroup = 7105E6CB21D6514D009EA168 /* Products */;
			projectDirPath = "";
			projectRoot = "";
			targets = (
				7105E6C921D6514D009EA168 /* YandexTranslator */,
				7105E6DD21D6514E009EA168 /* YandexTranslatorTests */,
				7105E6E821D6514E009EA168 /* YandexTranslatorUITests */,
			);
		};
/* End PBXProject section */

/* Begin PBXResourcesBuildPhase section */
		7105E6C821D6514D009EA168 /* Resources */ = {
			isa = PBXResourcesBuildPhase;
			buildActionMask = 2147483647;
			files = (
				7105E6D821D6514E009EA168 /* LaunchScreen.storyboard in Resources */,
				7105E6D521D6514E009EA168 /* Assets.xcassets in Resources */,
				7105E6D321D6514D009EA168 /* Main.storyboard in Resources */,
			);
			runOnlyForDeploymentPostprocessing = 0;
		};
		7105E6DC21D6514E009EA168 /* Resources */ = {
			isa = PBXResourcesBuildPhase;
			buildActionMask = 2147483647;
			files = (
			);
			runOnlyForDeploymentPostprocessing = 0;
		};
		7105E6E721D6514E009EA168 /* Resources */ = {
			isa = PBXResourcesBuildPhase;
			buildActionMask = 2147483647;
			files = (
			);
			runOnlyForDeploymentPostprocessing = 0;
		};
/* End PBXResourcesBuildPhase section */

/* Begin PBXSourcesBuildPhase section */
		7105E6C621D6514D009EA168 /* Sources */ = {
			isa = PBXSourcesBuildPhase;
			buildActionMask = 2147483647;
			files = (
				7105E6D021D6514D009EA168 /* ViewController.swift in Sources */,
				7105E6CE21D6514D009EA168 /* AppDelegate.swift in Sources */,
			);
			runOnlyForDeploymentPostprocessing = 0;
		};
		7105E6DA21D6514E009EA168 /* Sources */ = {
			isa = PBXSourcesBuildPhase;
			buildActionMask = 2147483647;
			files = (
				7105E6E321D6514E009EA168 /* YandexTranslatorTests.swift in Sources */,
			);
			runOnlyForDeploymentPostprocessing = 0;
		};
		7105E6E521D6514E009EA168 /* Sources */ = {
			isa = PBXSourcesBuildPhase;
			buildActionMask = 2147483647;
			files = (
				7105E6EE21D6514E009EA168 /* YandexTranslatorUITests.swift in Sources */,
			);
			runOnlyForDeploymentPostprocessing = 0;
		};
/* End PBXSourcesBuildPhase section */

/* Begin PBXTargetDependency section */
		7105E6E021D6514E009EA168 /* PBXTargetDependency */ = {
			isa = PBXTargetDependency;
			target = 7105E6C921D6514D009EA168 /* YandexTranslator */;
			targetProxy = 7105E6DF21D6514E009EA168 /* PBXContainerItemProxy */;
		};
		7105E6EB21D6514E009EA168 /* PBXTargetDependency */ = {
			isa = PBXTargetDependency;
			target = 7105E6C921D6514D009EA168 /* YandexTranslator */;
			targetProxy = 7105E6EA21D6514E009EA168 /* PBXContainerItemProxy */;
		};
/* End PBXTargetDependency section */

/* Begin PBXVariantGroup section */
		7105E6D121D6514D009EA168 /* Main.storyboard */ = {
			isa = PBXVariantGroup;
			children = (
				7105E6D221D6514D009EA168 /* Base */,
			);
			name = Main.storyboard;
			sourceTree = "<group>";
		};
		7105E6D621D6514E009EA168 /* LaunchScreen.storyboard */ = {
			isa = PBXVariantGroup;
			children = (
				7105E6D721D6514E009EA168 /* Base */,
			);
			name = LaunchScreen.storyboard;
			sourceTree = "<group>";
		};
/* End PBXVariantGroup section */

/* Begin XCBuildConfiguration section */
		7105E6F021D6514E009EA168 /* Debug */ = {
			isa = XCBuildConfiguration;
			buildSettings = {
				ALWAYS_SEARCH_USER_PATHS = NO;
				CLANG_ANALYZER_NONNULL = YES;
				CLANG_ANALYZER_NUMBER_OBJECT_CONVERSION = YES_AGGRESSIVE;
				CLANG_CXX_LANGUAGE_STANDARD = "gnu++14";
				CLANG_CXX_LIBRARY = "libc++";
				CLANG_ENABLE_MODULES = YES;
				CLANG_ENABLE_OBJC_ARC = YES;
				CLANG_ENABLE_OBJC_WEAK = YES;
				CLANG_WARN_BLOCK_CAPTURE_AUTORELEASING = YES;
				CLANG_WARN_BOOL_CONVERSION = YES;
				CLANG_WARN_COMMA = YES;
				CLANG_WARN_CONSTANT_CONVERSION = YES;
				CLANG_WARN_DEPRECATED_OBJC_IMPLEMENTATIONS = YES;
				CLANG_WARN_DIRECT_OBJC_ISA_USAGE = YES_ERROR;
				CLANG_WARN_DOCUMENTATION_COMMENTS = YES;
				CLANG_WARN_EMPTY_BODY = YES;
				CLANG_WARN_ENUM_CONVERSION = YES;
				CLANG_WARN_INFINITE_RECURSION = YES;
				CLANG_WARN_INT_CONVERSION = YES;
				CLANG_WARN_NON_LITERAL_NULL_CONVERSION = YES;
				CLANG_WARN_OBJC_IMPLICIT_RETAIN_SELF = YES;
				CLANG_WARN_OBJC_LITERAL_CONVERSION = YES;
				CLANG_WARN_OBJC_ROOT_CLASS = YES_ERROR;
				CLANG_WARN_RANGE_LOOP_ANALYSIS = YES;
				CLANG_WARN_STRICT_PROTOTYPES = YES;
				CLANG_WARN_SUSPICIOUS_MOVE = YES;
				CLANG_WARN_UNGUARDED_AVAILABILITY = YES_AGGRESSIVE;
				CLANG_WARN_UNREACHABLE_CODE = YES;
				CLANG_WARN__DUPLICATE_METHOD_MATCH = YES;
				CODE_SIGN_IDENTITY = "iPhone Developer";
				COPY_PHASE_STRIP = NO;
				DEBUG_INFORMATION_FORMAT = dwarf;
				ENABLE_STRICT_OBJC_MSGSEND = YES;
				ENABLE_TESTABILITY = YES;
				GCC_C_LANGUAGE_STANDARD = gnu11;
				GCC_DYNAMIC_NO_PIC = NO;
				GCC_NO_COMMON_BLOCKS = YES;
				GCC_OPTIMIZATION_LEVEL = 0;
				GCC_PREPROCESSOR_DEFINITIONS = (
					"DEBUG=1",
					"$(inherited)",
				);
				GCC_WARN_64_TO_32_BIT_CONVERSION = YES;
				GCC_WARN_ABOUT_RETURN_TYPE = YES_ERROR;
				GCC_WARN_UNDECLARED_SELECTOR = YES;
				GCC_WARN_UNINITIALIZED_AUTOS = YES_AGGRESSIVE;
				GCC_WARN_UNUSED_FUNCTION = YES;
				GCC_WARN_UNUSED_VARIABLE = YES;
				IPHONEOS_DEPLOYMENT_TARGET = 12.1;
				MTL_ENABLE_DEBUG_INFO = INCLUDE_SOURCE;
				MTL_FAST_MATH = YES;
				ONLY_ACTIVE_ARCH = YES;
				SDKROOT = iphoneos;
				SWIFT_ACTIVE_COMPILATION_CONDITIONS = DEBUG;
				SWIFT_OPTIMIZATION_LEVEL = "-Onone";
			};
			name = Debug;
		};
		7105E6F121D6514E009EA168 /* Release */ = {
			isa = XCBuildConfiguration;
			buildSettings = {
				ALWAYS_SEARCH_USER_PATHS = NO;
				CLANG_ANALYZER_NONNULL = YES;
				CLANG_ANALYZER_NUMBER_OBJECT_CONVERSION = YES_AGGRESSIVE;
				CLANG_CXX_LANGUAGE_STANDARD = "gnu++14";
				CLANG_CXX_LIBRARY = "libc++";
				CLANG_ENABLE_MODULES = YES;
				CLANG_ENABLE_OBJC_ARC = YES;
				CLANG_ENABLE_OBJC_WEAK = YES;
				CLANG_WARN_BLOCK_CAPTURE_AUTORELEASING = YES;
				CLANG_WARN_BOOL_CONVERSION = YES;
				CLANG_WARN_COMMA = YES;
				CLANG_WARN_CONSTANT_CONVERSION = YES;
				CLANG_WARN_DEPRECATED_OBJC_IMPLEMENTATIONS = YES;
				CLANG_WARN_DIRECT_OBJC_ISA_USAGE = YES_ERROR;
				CLANG_WARN_DOCUMENTATION_COMMENTS = YES;
				CLANG_WARN_EMPTY_BODY = YES;
				CLANG_WARN_ENUM_CONVERSION = YES;
				CLANG_WARN_INFINITE_RECURSION = YES;
				CLANG_WARN_INT_CONVERSION = YES;
				CLANG_WARN_NON_LITERAL_NULL_CONVERSION = YES;
				CLANG_WARN_OBJC_IMPLICIT_RETAIN_SELF = YES;
				CLANG_WARN_OBJC_LITERAL_CONVERSION = YES;
				CLANG_WARN_OBJC_ROOT_CLASS = YES_ERROR;
				CLANG_WARN_RANGE_LOOP_ANALYSIS = YES;
				CLANG_WARN_STRICT_PROTOTYPES = YES;
				CLANG_WARN_SUSPICIOUS_MOVE = YES;
				CLANG_WARN_UNGUARDED_AVAILABILITY = YES_AGGRESSIVE;
				CLANG_WARN_UNREACHABLE_CODE = YES;
				CLANG_WARN__DUPLICATE_METHOD_MATCH = YES;
				CODE_SIGN_IDENTITY = "iPhone Developer";
				COPY_PHASE_STRIP = NO;
				DEBUG_INFORMATION_FORMAT = "dwarf-with-dsym";
				ENABLE_NS_ASSERTIONS = NO;
				ENABLE_STRICT_OBJC_MSGSEND = YES;
				GCC_C_LANGUAGE_STANDARD = gnu11;
				GCC_NO_COMMON_BLOCKS = YES;
				GCC_WARN_64_TO_32_BIT_CONVERSION = YES;
				GCC_WARN_ABOUT_RETURN_TYPE = YES_ERROR;
				GCC_WARN_UNDECLARED_SELECTOR = YES;
				GCC_WARN_UNINITIALIZED_AUTOS = YES_AGGRESSIVE;
				GCC_WARN_UNUSED_FUNCTION = YES;
				GCC_WARN_UNUSED_VARIABLE = YES;
				IPHONEOS_DEPLOYMENT_TARGET = 12.1;
				MTL_ENABLE_DEBUG_INFO = NO;
				MTL_FAST_MATH = YES;
				SDKROOT = iphoneos;
				SWIFT_COMPILATION_MODE = wholemodule;
				SWIFT_OPTIMIZATION_LEVEL = "-O";
				VALIDATE_PRODUCT = YES;
			};
			name = Release;
		};
		7105E6F321D6514E009EA168 /* Debug */ = {
			isa = XCBuildConfiguration;
			buildSettings = {
				ASSETCATALOG_COMPILER_APPICON_NAME = AppIcon;
				CODE_SIGN_STYLE = Automatic;
				INFOPLIST_FILE = YandexTranslator/Info.plist;
				LD_RUNPATH_SEARCH_PATHS = (
					"$(inherited)",
					"@executable_path/Frameworks",
				);
				PRODUCT_BUNDLE_IDENTIFIER = "-.YandexTranslator";
				PRODUCT_NAME = "$(TARGET_NAME)";
				SWIFT_VERSION = 4.2;
				TARGETED_DEVICE_FAMILY = "1,2";
			};
			name = Debug;
		};
		7105E6F421D6514E009EA168 /* Release */ = {
			isa = XCBuildConfiguration;
			buildSettings = {
				ASSETCATALOG_COMPILER_APPICON_NAME = AppIcon;
				CODE_SIGN_STYLE = Automatic;
				INFOPLIST_FILE = YandexTranslator/Info.plist;
				LD_RUNPATH_SEARCH_PATHS = (
					"$(inherited)",
					"@executable_path/Frameworks",
				);
				PRODUCT_BUNDLE_IDENTIFIER = "-.YandexTranslator";
				PRODUCT_NAME = "$(TARGET_NAME)";
				SWIFT_VERSION = 4.2;
				TARGETED_DEVICE_FAMILY = "1,2";
			};
			name = Release;
		};
		7105E6F621D6514E009EA168 /* Debug */ = {
			isa = XCBuildConfiguration;
			buildSettings = {
				ALWAYS_EMBED_SWIFT_STANDARD_LIBRARIES = YES;
				BUNDLE_LOADER = "$(TEST_HOST)";
				CODE_SIGN_STYLE = Automatic;
				INFOPLIST_FILE = YandexTranslatorTests/Info.plist;
				LD_RUNPATH_SEARCH_PATHS = (
					"$(inherited)",
					"@executable_path/Frameworks",
					"@loader_path/Frameworks",
				);
				PRODUCT_BUNDLE_IDENTIFIER = "-.YandexTranslatorTests";
				PRODUCT_NAME = "$(TARGET_NAME)";
				SWIFT_VERSION = 4.2;
				TARGETED_DEVICE_FAMILY = "1,2";
				TEST_HOST = "$(BUILT_PRODUCTS_DIR)/YandexTranslator.app/YandexTranslator";
			};
			name = Debug;
		};
		7105E6F721D6514E009EA168 /* Release */ = {
			isa = XCBuildConfiguration;
			buildSettings = {
				ALWAYS_EMBED_SWIFT_STANDARD_LIBRARIES = YES;
				BUNDLE_LOADER = "$(TEST_HOST)";
				CODE_SIGN_STYLE = Automatic;
				INFOPLIST_FILE = YandexTranslatorTests/Info.plist;
				LD_RUNPATH_SEARCH_PATHS = (
					"$(inherited)",
					"@executable_path/Frameworks",
					"@loader_path/Frameworks",
				);
				PRODUCT_BUNDLE_IDENTIFIER = "-.YandexTranslatorTests";
				PRODUCT_NAME = "$(TARGET_NAME)";
				SWIFT_VERSION = 4.2;
				TARGETED_DEVICE_FAMILY = "1,2";
				TEST_HOST = "$(BUILT_PRODUCTS_DIR)/YandexTranslator.app/YandexTranslator";
			};
			name = Release;
		};
		7105E6F921D6514E009EA168 /* Debug */ = {
			isa = XCBuildConfiguration;
			buildSettings = {
				ALWAYS_EMBED_SWIFT_STANDARD_LIBRARIES = YES;
				CODE_SIGN_STYLE = Automatic;
				INFOPLIST_FILE = YandexTranslatorUITests/Info.plist;
				LD_RUNPATH_SEARCH_PATHS = (
					"$(inherited)",
					"@executable_path/Frameworks",
					"@loader_path/Frameworks",
				);
				PRODUCT_BUNDLE_IDENTIFIER = "-.YandexTranslatorUITests";
				PRODUCT_NAME = "$(TARGET_NAME)";
				SWIFT_VERSION = 4.2;
				TARGETED_DEVICE_FAMILY = "1,2";
				TEST_TARGET_NAME = YandexTranslator;
			};
			name = Debug;
		};
		7105E6FA21D6514E009EA168 /* Release */ = {
			isa = XCBuildConfiguration;
			buildSettings = {
				ALWAYS_EMBED_SWIFT_STANDARD_LIBRARIES = YES;
				CODE_SIGN_STYLE = Automatic;
				INFOPLIST_FILE = YandexTranslatorUITests/Info.plist;
				LD_RUNPATH_SEARCH_PATHS = (
					"$(inherited)",
					"@executable_path/Frameworks",
					"@loader_path/Frameworks",
				);
				PRODUCT_BUNDLE_IDENTIFIER = "-.YandexTranslatorUITests";
				PRODUCT_NAME = "$(TARGET_NAME)";
				SWIFT_VERSION = 4.2;
				TARGETED_DEVICE_FAMILY = "1,2";
				TEST_TARGET_NAME = YandexTranslator;
			};
			name = Release;
		};
/* End XCBuildConfiguration section */

/* Begin XCConfigurationList section */
		7105E6C521D6514D009EA168 /* Build configuration list for PBXProject "YandexTranslator" */ = {
			isa = XCConfigurationList;
			buildConfigurations = (
				7105E6F021D6514E009EA168 /* Debug */,
				7105E6F121D6514E009EA168 /* Release */,
			);
			defaultConfigurationIsVisible = 0;
			defaultConfigurationName = Release;
		};
		7105E6F221D6514E009EA168 /* Build configuration list for PBXNativeTarget "YandexTranslator" */ = {
			isa = XCConfigurationList;
			buildConfigurations = (
				7105E6F321D6514E009EA168 /* Debug */,
				7105E6F421D6514E009EA168 /* Release */,
			);
			defaultConfigurationIsVisible = 0;
			defaultConfigurationName = Release;
		};
		7105E6F521D6514E009EA168 /* Build configuration list for PBXNativeTarget "YandexTranslatorTests" */ = {
			isa = XCConfigurationList;
			buildConfigurations = (
				7105E6F621D6514E009EA168 /* Debug */,
				7105E6F721D6514E009EA168 /* Release */,
			);
			defaultConfigurationIsVisible = 0;
			defaultConfigurationName = Release;
		};
		7105E6F821D6514E009EA168 /* Build configuration list for PBXNativeTarget "YandexTranslatorUITests" */ = {
			isa = XCConfigurationList;
			buildConfigurations = (
				7105E6F921D6514E009EA168 /* Debug */,
				7105E6FA21D6514E009EA168 /* Release */,
			);
			defaultConfigurationIsVisible = 0;
			defaultConfigurationName = Release;
		};
/* End XCConfigurationList section */
	};
	rootObject = 7105E6C221D6514D009EA168 /* Project object */;
}
